
Microsoft Visual Studio Solution File, Format Version 12.00
# Visual Studio Version 17
VisualStudioVersion = 17.8.34330.188
MinimumVisualStudioVersion = 10.0.40219.1
Project("{FAE04EC0-301F-11D3-BF4B-00C04F79EFBC}") = "Domain", "Domain\Domain.csproj", "{36CAA528-C209-4B7A-A864-8C7C5BB25E32}"
EndProject
Project("{FAE04EC0-301F-11D3-BF4B-00C04F79EFBC}") = "Persistence", "Persistence\Persistence.csproj", "{CABE8606-A2E5-4C7A-AA77-96E42BC1E171}"
EndProject
Project("{FAE04EC0-301F-11D3-BF4B-00C04F79EFBC}") = "WebApi", "WebApi\WebApi.csproj", "{0B701781-043A-4454-B32A-41B959037CBD}"
EndProject
Global
	GlobalSection(SolutionConfigurationPlatforms) = preSolution
		Debug|Any CPU = Debug|Any CPU
		Release|Any CPU = Release|Any CPU
	EndGlobalSection
	GlobalSection(ProjectConfigurationPlatforms) = postSolution
		{36CAA528-C209-4B7A-A864-8C7C5BB25E32}.Debug|Any CPU.ActiveCfg = Debug|Any CPU
		{36CAA528-C209-4B7A-A864-8C7C5BB25E32}.Debug|Any CPU.Build.0 = Debug|Any CPU
		{36CAA528-C209-4B7A-A864-8C7C5BB25E32}.Release|Any CPU.ActiveCfg = Release|Any CPU
		{36CAA528-C209-4B7A-A864-8C7C5BB25E32}.Release|Any CPU.Build.0 = Release|Any CPU
		{CABE8606-A2E5-4C7A-AA77-96E42BC1E171}.Debug|Any CPU.ActiveCfg = Debug|Any CPU
		{CABE8606-A2E5-4C7A-AA77-96E42BC1E171}.Debug|Any CPU.Build.0 = Debug|Any CPU
		{CABE8606-A2E5-4C7A-AA77-96E42BC1E171}.Release|Any CPU.ActiveCfg = Release|Any CPU
		{CABE8606-A2E5-4C7A-AA77-96E42BC1E171}.Release|Any CPU.Build.0 = Release|Any CPU
		{0B701781-043A-4454-B32A-41B959037CBD}.Debug|Any CPU.ActiveCfg = Debug|Any CPU
		{0B701781-043A-4454-B32A-41B959037CBD}.Debug|Any CPU.Build.0 = Debug|Any CPU
		{0B701781-043A-4454-B32A-41B959037CBD}.Release|Any CPU.ActiveCfg = Release|Any CPU
		{0B701781-043A-4454-B32A-41B959037CBD}.Release|Any CPU.Build.0 = Release|Any CPU
	EndGlobalSection
	GlobalSection(SolutionProperties) = preSolution
		HideSolutionNode = FALSE
	EndGlobalSection
	GlobalSection(ExtensibilityGlobals) = postSolution
		SolutionGuid = {7505FD33-7F59-4002-B427-C58D98D44439}
	EndGlobalSection
EndGlobal
