
Microsoft Visual Studio Solution File, Format Version 12.00
# Visual Studio Version 17
VisualStudioVersion = 17.8.34330.188
MinimumVisualStudioVersion = 10.0.40219.1
Project("{9A19103F-16F7-4668-BE54-9A1E7A4F7556}") = "Domain", "Domain\Domain.csproj", "{36CAA528-C209-4B7A-A864-8C7C5BB25E32}"
EndProject
Project("{9A19103F-16F7-4668-BE54-9A1E7A4F7556}") = "Persistence", "Persistence\Persistence.csproj", "{CABE8606-A2E5-4C7A-AA77-96E42BC1E171}"
EndProject
Project("{9A19103F-16F7-4668-BE54-9A1E7A4F7556}") = "WebApi", "WebApi\WebApi.csproj", "{53865197-30ED-4AFD-B871-F408AAB48C41}"
EndProject
Project("{9A19103F-16F7-4668-BE54-9A1E7A4F7556}") = "Application", "Application\Application.csproj", "{F75CE235-F3C2-41F0-A32D-EE643680D846}"
EndProject
Project("{FAE04EC0-301F-11D3-BF4B-00C04F79EFBC}") = "Tests", "Tests\Tests.csproj", "{EA8A5ACF-59CC-462B-BEF6-9714D68F0CCC}"
EndProject
Global
	GlobalSection(SolutionConfigurationPlatforms) = preSolution
		Debug|Any CPU = Debug|Any CPU
		Release|Any CPU = Release|Any CPU
	EndGlobalSection
	GlobalSection(ProjectConfigurationPlatforms) = postSolution
		{36CAA528-C209-4B7A-A864-8C7C5BB25E32}.Debug|Any CPU.ActiveCfg = Debug|Any CPU
		{36CAA528-C209-4B7A-A864-8C7C5BB25E32}.Debug|Any CPU.Build.0 = Debug|Any CPU
		{36CAA528-C209-4B7A-A864-8C7C5BB25E32}.Release|Any CPU.ActiveCfg = Release|Any CPU
		{36CAA528-C209-4B7A-A864-8C7C5BB25E32}.Release|Any CPU.Build.0 = Release|Any CPU
		{CABE8606-A2E5-4C7A-AA77-96E42BC1E171}.Debug|Any CPU.ActiveCfg = Debug|Any CPU
		{CABE8606-A2E5-4C7A-AA77-96E42BC1E171}.Debug|Any CPU.Build.0 = Debug|Any CPU
		{CABE8606-A2E5-4C7A-AA77-96E42BC1E171}.Release|Any CPU.ActiveCfg = Release|Any CPU
		{CABE8606-A2E5-4C7A-AA77-96E42BC1E171}.Release|Any CPU.Build.0 = Release|Any CPU
		{53865197-30ED-4AFD-B871-F408AAB48C41}.Debug|Any CPU.ActiveCfg = Debug|Any CPU
		{53865197-30ED-4AFD-B871-F408AAB48C41}.Debug|Any CPU.Build.0 = Debug|Any CPU
		{53865197-30ED-4AFD-B871-F408AAB48C41}.Release|Any CPU.ActiveCfg = Release|Any CPU
		{53865197-30ED-4AFD-B871-F408AAB48C41}.Release|Any CPU.Build.0 = Release|Any CPU
		{F75CE235-F3C2-41F0-A32D-EE643680D846}.Debug|Any CPU.ActiveCfg = Debug|Any CPU
		{F75CE235-F3C2-41F0-A32D-EE643680D846}.Debug|Any CPU.Build.0 = Debug|Any CPU
		{F75CE235-F3C2-41F0-A32D-EE643680D846}.Release|Any CPU.ActiveCfg = Release|Any CPU
		{F75CE235-F3C2-41F0-A32D-EE643680D846}.Release|Any CPU.Build.0 = Release|Any CPU
		{EA8A5ACF-59CC-462B-BEF6-9714D68F0CCC}.Debug|Any CPU.ActiveCfg = Debug|Any CPU
		{EA8A5ACF-59CC-462B-BEF6-9714D68F0CCC}.Debug|Any CPU.Build.0 = Debug|Any CPU
		{EA8A5ACF-59CC-462B-BEF6-9714D68F0CCC}.Release|Any CPU.ActiveCfg = Release|Any CPU
		{EA8A5ACF-59CC-462B-BEF6-9714D68F0CCC}.Release|Any CPU.Build.0 = Release|Any CPU
	EndGlobalSection
	GlobalSection(SolutionProperties) = preSolution
		HideSolutionNode = FALSE
	EndGlobalSection
	GlobalSection(ExtensibilityGlobals) = postSolution
		SolutionGuid = {7505FD33-7F59-4002-B427-C58D98D44439}
	EndGlobalSection
EndGlobal
